
Microsoft Visual Studio Solution File, Format Version 12.00
# Visual Studio 15
VisualStudioVersion = 15.0.26730.8
MinimumVisualStudioVersion = 10.0.40219.1
Project("{FAE04EC0-301F-11D3-BF4B-00C04F79EFBC}") = "Resturant", "Resturant\Resturant.csproj", "{BD308B37-ACC2-4637-959F-15A60DA74D80}"
EndProject
Global
	GlobalSection(SolutionConfigurationPlatforms) = preSolution
		Debug|Any CPU = Debug|Any CPU
		Release|Any CPU = Release|Any CPU
	EndGlobalSection
	GlobalSection(ProjectConfigurationPlatforms) = postSolution
		{BD308B37-ACC2-4637-959F-15A60DA74D80}.Debug|Any CPU.ActiveCfg = Debug|Any CPU
		{BD308B37-ACC2-4637-959F-15A60DA74D80}.Debug|Any CPU.Build.0 = Debug|Any CPU
		{BD308B37-ACC2-4637-959F-15A60DA74D80}.Release|Any CPU.ActiveCfg = Release|Any CPU
		{BD308B37-ACC2-4637-959F-15A60DA74D80}.Release|Any CPU.Build.0 = Release|Any CPU
	EndGlobalSection
	GlobalSection(SolutionProperties) = preSolution
		HideSolutionNode = FALSE
	EndGlobalSection
	GlobalSection(ExtensibilityGlobals) = postSolution
		SolutionGuid = {48764147-6CA5-4159-8494-4FC7103D7286}
	EndGlobalSection
EndGlobal
